
Microsoft Visual Studio Solution File, Format Version 12.00
# Visual Studio Version 16
VisualStudioVersion = 16.0.29201.188
MinimumVisualStudioVersion = 10.0.40219.1
Project("{9A19103F-16F7-4668-BE54-9A1E7A4F7556}") = "Gateway", "Gateway\Gateway.csproj", "{CC1F6DD9-3234-4EC2-9264-4C029FE6E9DE}"
EndProject
Project("{9A19103F-16F7-4668-BE54-9A1E7A4F7556}") = "UserAPI", "UserAPI\UserAPI.csproj", "{7F3B930F-9418-41B5-91BA-11F4B8DD5D36}"
EndProject
Project("{9A19103F-16F7-4668-BE54-9A1E7A4F7556}") = "TransactionAPI", "TransactionAPI\TransactionAPI.csproj", "{CAB12D75-E56B-40C5-9363-C4FEF645452F}"
EndProject
Project("{9A19103F-16F7-4668-BE54-9A1E7A4F7556}") = "AccountAPI", "AccountAPI\AccountAPI.csproj", "{24315851-61DB-49E6-A25B-491BCC865783}"
EndProject
Project("{E53339B2-1760-4266-BCC7-CA923CBCF16C}") = "docker-compose", "docker-compose.dcproj", "{E4758BC5-8728-488C-BD4F-F26E7A53505E}"
EndProject
Global
	GlobalSection(SolutionConfigurationPlatforms) = preSolution
		Debug|Any CPU = Debug|Any CPU
		Release|Any CPU = Release|Any CPU
	EndGlobalSection
	GlobalSection(ProjectConfigurationPlatforms) = postSolution
		{CC1F6DD9-3234-4EC2-9264-4C029FE6E9DE}.Debug|Any CPU.ActiveCfg = Debug|Any CPU
		{CC1F6DD9-3234-4EC2-9264-4C029FE6E9DE}.Debug|Any CPU.Build.0 = Debug|Any CPU
		{CC1F6DD9-3234-4EC2-9264-4C029FE6E9DE}.Release|Any CPU.ActiveCfg = Release|Any CPU
		{CC1F6DD9-3234-4EC2-9264-4C029FE6E9DE}.Release|Any CPU.Build.0 = Release|Any CPU
		{7F3B930F-9418-41B5-91BA-11F4B8DD5D36}.Debug|Any CPU.ActiveCfg = Debug|Any CPU
		{7F3B930F-9418-41B5-91BA-11F4B8DD5D36}.Debug|Any CPU.Build.0 = Debug|Any CPU
		{7F3B930F-9418-41B5-91BA-11F4B8DD5D36}.Release|Any CPU.ActiveCfg = Release|Any CPU
		{7F3B930F-9418-41B5-91BA-11F4B8DD5D36}.Release|Any CPU.Build.0 = Release|Any CPU
		{CAB12D75-E56B-40C5-9363-C4FEF645452F}.Debug|Any CPU.ActiveCfg = Debug|Any CPU
		{CAB12D75-E56B-40C5-9363-C4FEF645452F}.Debug|Any CPU.Build.0 = Debug|Any CPU
		{CAB12D75-E56B-40C5-9363-C4FEF645452F}.Release|Any CPU.ActiveCfg = Release|Any CPU
		{CAB12D75-E56B-40C5-9363-C4FEF645452F}.Release|Any CPU.Build.0 = Release|Any CPU
		{24315851-61DB-49E6-A25B-491BCC865783}.Debug|Any CPU.ActiveCfg = Debug|Any CPU
		{24315851-61DB-49E6-A25B-491BCC865783}.Debug|Any CPU.Build.0 = Debug|Any CPU
		{24315851-61DB-49E6-A25B-491BCC865783}.Release|Any CPU.ActiveCfg = Release|Any CPU
		{24315851-61DB-49E6-A25B-491BCC865783}.Release|Any CPU.Build.0 = Release|Any CPU
		{E4758BC5-8728-488C-BD4F-F26E7A53505E}.Debug|Any CPU.ActiveCfg = Debug|Any CPU
		{E4758BC5-8728-488C-BD4F-F26E7A53505E}.Debug|Any CPU.Build.0 = Debug|Any CPU
		{E4758BC5-8728-488C-BD4F-F26E7A53505E}.Release|Any CPU.ActiveCfg = Release|Any CPU
		{E4758BC5-8728-488C-BD4F-F26E7A53505E}.Release|Any CPU.Build.0 = Release|Any CPU
	EndGlobalSection
	GlobalSection(SolutionProperties) = preSolution
		HideSolutionNode = FALSE
	EndGlobalSection
	GlobalSection(ExtensibilityGlobals) = postSolution
		SolutionGuid = {8203DD60-FEB4-4E58-87ED-13990A0713CC}
	EndGlobalSection
EndGlobal
